// !$*UTF8*$!
{
	archiveVersion = 1;
	classes = {
	};
	objectVersion = 48;
	objects = {

/* Begin PBXBuildFile section */
		9D3CD6D621FC3F76001A01B6 /* AppDelegate.swift in Sources */ = {isa = PBXBuildFile; fileRef = 9D3CD6D521FC3F76001A01B6 /* AppDelegate.swift */; };
		9D3CD6D821FC3F76001A01B6 /* GameScene.sks in Resources */ = {isa = PBXBuildFile; fileRef = 9D3CD6D721FC3F76001A01B6 /* GameScene.sks */; };
		9D3CD6DA21FC3F76001A01B6 /* Actions.sks in Resources */ = {isa = PBXBuildFile; fileRef = 9D3CD6D921FC3F76001A01B6 /* Actions.sks */; };
		9D3CD6DC21FC3F76001A01B6 /* GameScene.swift in Sources */ = {isa = PBXBuildFile; fileRef = 9D3CD6DB21FC3F76001A01B6 /* GameScene.swift */; };
		9D3CD6DE21FC3F76001A01B6 /* GameViewController.swift in Sources */ = {isa = PBXBuildFile; fileRef = 9D3CD6DD21FC3F76001A01B6 /* GameViewController.swift */; };
		9D3CD6E121FC3F76001A01B6 /* Main.storyboard in Resources */ = {isa = PBXBuildFile; fileRef = 9D3CD6DF21FC3F76001A01B6 /* Main.storyboard */; };
		9D3CD6E321FC3F76001A01B6 /* Assets.xcassets in Resources */ = {isa = PBXBuildFile; fileRef = 9D3CD6E221FC3F76001A01B6 /* Assets.xcassets */; };
		9D3CD6E621FC3F76001A01B6 /* LaunchScreen.storyboard in Resources */ = {isa = PBXBuildFile; fileRef = 9D3CD6E421FC3F76001A01B6 /* LaunchScreen.storyboard */; };
		9D3CD6F121FC3F76001A01B6 /* Big_Bad_WolfTests.swift in Sources */ = {isa = PBXBuildFile; fileRef = 9D3CD6F021FC3F76001A01B6 /* Big_Bad_WolfTests.swift */; };
		9D3CD6FC21FC3F76001A01B6 /* Big_Bad_WolfUITests.swift in Sources */ = {isa = PBXBuildFile; fileRef = 9D3CD6FB21FC3F76001A01B6 /* Big_Bad_WolfUITests.swift */; };
		9D3CD71521FC3FB0001A01B6 /* animate-run-slide-26.jpg in Resources */ = {isa = PBXBuildFile; fileRef = 9D3CD70B21FC3FAF001A01B6 /* animate-run-slide-26.jpg */; };
		9D3CD71621FC3FB0001A01B6 /* animate-run-slide-29.jpg in Resources */ = {isa = PBXBuildFile; fileRef = 9D3CD70C21FC3FAF001A01B6 /* animate-run-slide-29.jpg */; };
		9D3CD71721FC3FB0001A01B6 /* animate-run-slide-33.jpg in Resources */ = {isa = PBXBuildFile; fileRef = 9D3CD70D21FC3FAF001A01B6 /* animate-run-slide-33.jpg */; };
		9D3CD71821FC3FB0001A01B6 /* animate-run-slide-31.jpg in Resources */ = {isa = PBXBuildFile; fileRef = 9D3CD70E21FC3FB0001A01B6 /* animate-run-slide-31.jpg */; };
		9D3CD71921FC3FB0001A01B6 /* animate-run-slide-32.jpg in Resources */ = {isa = PBXBuildFile; fileRef = 9D3CD70F21FC3FB0001A01B6 /* animate-run-slide-32.jpg */; };
		9D3CD71A21FC3FB0001A01B6 /* animate-run-slide-35.jpg in Resources */ = {isa = PBXBuildFile; fileRef = 9D3CD71021FC3FB0001A01B6 /* animate-run-slide-35.jpg */; };
		9D3CD71B21FC3FB0001A01B6 /* animate-run-slide-34.jpg in Resources */ = {isa = PBXBuildFile; fileRef = 9D3CD71121FC3FB0001A01B6 /* animate-run-slide-34.jpg */; };
		9D3CD71C21FC3FB0001A01B6 /* animate-run-slide-27.jpg in Resources */ = {isa = PBXBuildFile; fileRef = 9D3CD71221FC3FB0001A01B6 /* animate-run-slide-27.jpg */; };
		9D3CD71D21FC3FB0001A01B6 /* animate-run-slide-28.jpg in Resources */ = {isa = PBXBuildFile; fileRef = 9D3CD71321FC3FB0001A01B6 /* animate-run-slide-28.jpg */; };
		9D3CD71E21FC3FB0001A01B6 /* animate-run-slide-37.jpg in Resources */ = {isa = PBXBuildFile; fileRef = 9D3CD71421FC3FB0001A01B6 /* animate-run-slide-37.jpg */; };
/* End PBXBuildFile section */

/* Begin PBXContainerItemProxy section */
		9D3CD6ED21FC3F76001A01B6 /* PBXContainerItemProxy */ = {
			isa = PBXContainerItemProxy;
			containerPortal = 9D3CD6CA21FC3F76001A01B6 /* Project object */;
			proxyType = 1;
			remoteGlobalIDString = 9D3CD6D121FC3F76001A01B6;
			remoteInfo = "Big Bad Wolf";
		};
		9D3CD6F821FC3F76001A01B6 /* PBXContainerItemProxy */ = {
			isa = PBXContainerItemProxy;
			containerPortal = 9D3CD6CA21FC3F76001A01B6 /* Project object */;
			proxyType = 1;
			remoteGlobalIDString = 9D3CD6D121FC3F76001A01B6;
			remoteInfo = "Big Bad Wolf";
		};
/* End PBXContainerItemProxy section */

/* Begin PBXFileReference section */
		9D3CD6D221FC3F76001A01B6 /* Big Bad Wolf.app */ = {isa = PBXFileReference; explicitFileType = wrapper.application; includeInIndex = 0; path = "Big Bad Wolf.app"; sourceTree = BUILT_PRODUCTS_DIR; };
		9D3CD6D521FC3F76001A01B6 /* AppDelegate.swift */ = {isa = PBXFileReference; lastKnownFileType = sourcecode.swift; path = AppDelegate.swift; sourceTree = "<group>"; };
		9D3CD6D721FC3F76001A01B6 /* GameScene.sks */ = {isa = PBXFileReference; lastKnownFileType = file.sks; path = GameScene.sks; sourceTree = "<group>"; };
		9D3CD6D921FC3F76001A01B6 /* Actions.sks */ = {isa = PBXFileReference; lastKnownFileType = file.sks; path = Actions.sks; sourceTree = "<group>"; };
		9D3CD6DB21FC3F76001A01B6 /* GameScene.swift */ = {isa = PBXFileReference; lastKnownFileType = sourcecode.swift; path = GameScene.swift; sourceTree = "<group>"; };
		9D3CD6DD21FC3F76001A01B6 /* GameViewController.swift */ = {isa = PBXFileReference; lastKnownFileType = sourcecode.swift; path = GameViewController.swift; sourceTree = "<group>"; };
		9D3CD6E021FC3F76001A01B6 /* Base */ = {isa = PBXFileReference; lastKnownFileType = file.storyboard; name = Base; path = Base.lproj/Main.storyboard; sourceTree = "<group>"; };
		9D3CD6E221FC3F76001A01B6 /* Assets.xcassets */ = {isa = PBXFileReference; lastKnownFileType = folder.assetcatalog; path = Assets.xcassets; sourceTree = "<group>"; };
		9D3CD6E521FC3F76001A01B6 /* Base */ = {isa = PBXFileReference; lastKnownFileType = file.storyboard; name = Base; path = Base.lproj/LaunchScreen.storyboard; sourceTree = "<group>"; };
		9D3CD6E721FC3F76001A01B6 /* Info.plist */ = {isa = PBXFileReference; lastKnownFileType = text.plist.xml; path = Info.plist; sourceTree = "<group>"; };
		9D3CD6EC21FC3F76001A01B6 /* Big Bad WolfTests.xctest */ = {isa = PBXFileReference; explicitFileType = wrapper.cfbundle; includeInIndex = 0; path = "Big Bad WolfTests.xctest"; sourceTree = BUILT_PRODUCTS_DIR; };
		9D3CD6F021FC3F76001A01B6 /* Big_Bad_WolfTests.swift */ = {isa = PBXFileReference; lastKnownFileType = sourcecode.swift; path = Big_Bad_WolfTests.swift; sourceTree = "<group>"; };
		9D3CD6F221FC3F76001A01B6 /* Info.plist */ = {isa = PBXFileReference; lastKnownFileType = text.plist.xml; path = Info.plist; sourceTree = "<group>"; };
		9D3CD6F721FC3F76001A01B6 /* Big Bad WolfUITests.xctest */ = {isa = PBXFileReference; explicitFileType = wrapper.cfbundle; includeInIndex = 0; path = "Big Bad WolfUITests.xctest"; sourceTree = BUILT_PRODUCTS_DIR; };
		9D3CD6FB21FC3F76001A01B6 /* Big_Bad_WolfUITests.swift */ = {isa = PBXFileReference; lastKnownFileType = sourcecode.swift; path = Big_Bad_WolfUITests.swift; sourceTree = "<group>"; };
		9D3CD6FD21FC3F76001A01B6 /* Info.plist */ = {isa = PBXFileReference; lastKnownFileType = text.plist.xml; path = Info.plist; sourceTree = "<group>"; };
		9D3CD70B21FC3FAF001A01B6 /* animate-run-slide-26.jpg */ = {isa = PBXFileReference; lastKnownFileType = image.jpeg; path = "animate-run-slide-26.jpg"; sourceTree = "<group>"; };
		9D3CD70C21FC3FAF001A01B6 /* animate-run-slide-29.jpg */ = {isa = PBXFileReference; lastKnownFileType = image.jpeg; path = "animate-run-slide-29.jpg"; sourceTree = "<group>"; };
		9D3CD70D21FC3FAF001A01B6 /* animate-run-slide-33.jpg */ = {isa = PBXFileReference; lastKnownFileType = image.jpeg; path = "animate-run-slide-33.jpg"; sourceTree = "<group>"; };
		9D3CD70E21FC3FB0001A01B6 /* animate-run-slide-31.jpg */ = {isa = PBXFileReference; lastKnownFileType = image.jpeg; path = "animate-run-slide-31.jpg"; sourceTree = "<group>"; };
		9D3CD70F21FC3FB0001A01B6 /* animate-run-slide-32.jpg */ = {isa = PBXFileReference; lastKnownFileType = image.jpeg; path = "animate-run-slide-32.jpg"; sourceTree = "<group>"; };
		9D3CD71021FC3FB0001A01B6 /* animate-run-slide-35.jpg */ = {isa = PBXFileReference; lastKnownFileType = image.jpeg; path = "animate-run-slide-35.jpg"; sourceTree = "<group>"; };
		9D3CD71121FC3FB0001A01B6 /* animate-run-slide-34.jpg */ = {isa = PBXFileReference; lastKnownFileType = image.jpeg; path = "animate-run-slide-34.jpg"; sourceTree = "<group>"; };
		9D3CD71221FC3FB0001A01B6 /* animate-run-slide-27.jpg */ = {isa = PBXFileReference; lastKnownFileType = image.jpeg; path = "animate-run-slide-27.jpg"; sourceTree = "<group>"; };
		9D3CD71321FC3FB0001A01B6 /* animate-run-slide-28.jpg */ = {isa = PBXFileReference; lastKnownFileType = image.jpeg; path = "animate-run-slide-28.jpg"; sourceTree = "<group>"; };
		9D3CD71421FC3FB0001A01B6 /* animate-run-slide-37.jpg */ = {isa = PBXFileReference; lastKnownFileType = image.jpeg; path = "animate-run-slide-37.jpg"; sourceTree = "<group>"; };
/* End PBXFileReference section */

/* Begin PBXFrameworksBuildPhase section */
		9D3CD6CF21FC3F76001A01B6 /* Frameworks */ = {
			isa = PBXFrameworksBuildPhase;
			buildActionMask = 2147483647;
			files = (
			);
			runOnlyForDeploymentPostprocessing = 0;
		};
		9D3CD6E921FC3F76001A01B6 /* Frameworks */ = {
			isa = PBXFrameworksBuildPhase;
			buildActionMask = 2147483647;
			files = (
			);
			runOnlyForDeploymentPostprocessing = 0;
		};
		9D3CD6F421FC3F76001A01B6 /* Frameworks */ = {
			isa = PBXFrameworksBuildPhase;
			buildActionMask = 2147483647;
			files = (
			);
			runOnlyForDeploymentPostprocessing = 0;
		};
/* End PBXFrameworksBuildPhase section */

/* Begin PBXGroup section */
		9D3CD6C921FC3F76001A01B6 = {
			isa = PBXGroup;
			children = (
				9D3CD70921FC3F87001A01B6 /* Ass-ets */,
				9D3CD6D421FC3F76001A01B6 /* Big Bad Wolf */,
				9D3CD6EF21FC3F76001A01B6 /* Big Bad WolfTests */,
				9D3CD6FA21FC3F76001A01B6 /* Big Bad WolfUITests */,
				9D3CD6D321FC3F76001A01B6 /* Products */,
			);
			sourceTree = "<group>";
		};
		9D3CD6D321FC3F76001A01B6 /* Products */ = {
			isa = PBXGroup;
			children = (
				9D3CD6D221FC3F76001A01B6 /* Big Bad Wolf.app */,
				9D3CD6EC21FC3F76001A01B6 /* Big Bad WolfTests.xctest */,
				9D3CD6F721FC3F76001A01B6 /* Big Bad WolfUITests.xctest */,
			);
			name = Products;
			sourceTree = "<group>";
		};
		9D3CD6D421FC3F76001A01B6 /* Big Bad Wolf */ = {
			isa = PBXGroup;
			children = (
				9D3CD6D521FC3F76001A01B6 /* AppDelegate.swift */,
				9D3CD6D721FC3F76001A01B6 /* GameScene.sks */,
				9D3CD6D921FC3F76001A01B6 /* Actions.sks */,
				9D3CD6DB21FC3F76001A01B6 /* GameScene.swift */,
				9D3CD6DD21FC3F76001A01B6 /* GameViewController.swift */,
				9D3CD6DF21FC3F76001A01B6 /* Main.storyboard */,
				9D3CD6E221FC3F76001A01B6 /* Assets.xcassets */,
				9D3CD6E421FC3F76001A01B6 /* LaunchScreen.storyboard */,
				9D3CD6E721FC3F76001A01B6 /* Info.plist */,
			);
			path = "Big Bad Wolf";
			sourceTree = "<group>";
		};
		9D3CD6EF21FC3F76001A01B6 /* Big Bad WolfTests */ = {
			isa = PBXGroup;
			children = (
				9D3CD6F021FC3F76001A01B6 /* Big_Bad_WolfTests.swift */,
				9D3CD6F221FC3F76001A01B6 /* Info.plist */,
			);
			path = "Big Bad WolfTests";
			sourceTree = "<group>";
		};
		9D3CD6FA21FC3F76001A01B6 /* Big Bad WolfUITests */ = {
			isa = PBXGroup;
			children = (
				9D3CD6FB21FC3F76001A01B6 /* Big_Bad_WolfUITests.swift */,
				9D3CD6FD21FC3F76001A01B6 /* Info.plist */,
			);
			path = "Big Bad WolfUITests";
			sourceTree = "<group>";
		};
		9D3CD70921FC3F87001A01B6 /* Ass-ets */ = {
			isa = PBXGroup;
			children = (
				9D3CD70A21FC3F98001A01B6 /* RA */,
			);
			path = "Ass-ets";
			sourceTree = "<group>";
		};
		9D3CD70A21FC3F98001A01B6 /* RA */ = {
			isa = PBXGroup;
			children = (
				9D3CD70B21FC3FAF001A01B6 /* animate-run-slide-26.jpg */,
				9D3CD71221FC3FB0001A01B6 /* animate-run-slide-27.jpg */,
				9D3CD71321FC3FB0001A01B6 /* animate-run-slide-28.jpg */,
				9D3CD70C21FC3FAF001A01B6 /* animate-run-slide-29.jpg */,
				9D3CD70E21FC3FB0001A01B6 /* animate-run-slide-31.jpg */,
				9D3CD70F21FC3FB0001A01B6 /* animate-run-slide-32.jpg */,
				9D3CD70D21FC3FAF001A01B6 /* animate-run-slide-33.jpg */,
				9D3CD71121FC3FB0001A01B6 /* animate-run-slide-34.jpg */,
				9D3CD71021FC3FB0001A01B6 /* animate-run-slide-35.jpg */,
				9D3CD71421FC3FB0001A01B6 /* animate-run-slide-37.jpg */,
			);
			path = RA;
			sourceTree = "<group>";
		};
/* End PBXGroup section */

/* Begin PBXNativeTarget section */
		9D3CD6D121FC3F76001A01B6 /* Big Bad Wolf */ = {
			isa = PBXNativeTarget;
			buildConfigurationList = 9D3CD70021FC3F76001A01B6 /* Build configuration list for PBXNativeTarget "Big Bad Wolf" */;
			buildPhases = (
				9D3CD6CE21FC3F76001A01B6 /* Sources */,
				9D3CD6CF21FC3F76001A01B6 /* Frameworks */,
				9D3CD6D021FC3F76001A01B6 /* Resources */,
			);
			buildRules = (
			);
			dependencies = (
			);
			name = "Big Bad Wolf";
			productName = "Big Bad Wolf";
			productReference = 9D3CD6D221FC3F76001A01B6 /* Big Bad Wolf.app */;
			productType = "com.apple.product-type.application";
		};
		9D3CD6EB21FC3F76001A01B6 /* Big Bad WolfTests */ = {
			isa = PBXNativeTarget;
			buildConfigurationList = 9D3CD70321FC3F76001A01B6 /* Build configuration list for PBXNativeTarget "Big Bad WolfTests" */;
			buildPhases = (
				9D3CD6E821FC3F76001A01B6 /* Sources */,
				9D3CD6E921FC3F76001A01B6 /* Frameworks */,
				9D3CD6EA21FC3F76001A01B6 /* Resources */,
			);
			buildRules = (
			);
			dependencies = (
				9D3CD6EE21FC3F76001A01B6 /* PBXTargetDependency */,
			);
			name = "Big Bad WolfTests";
			productName = "Big Bad WolfTests";
			productReference = 9D3CD6EC21FC3F76001A01B6 /* Big Bad WolfTests.xctest */;
			productType = "com.apple.product-type.bundle.unit-test";
		};
		9D3CD6F621FC3F76001A01B6 /* Big Bad WolfUITests */ = {
			isa = PBXNativeTarget;
			buildConfigurationList = 9D3CD70621FC3F76001A01B6 /* Build configuration list for PBXNativeTarget "Big Bad WolfUITests" */;
			buildPhases = (
				9D3CD6F321FC3F76001A01B6 /* Sources */,
				9D3CD6F421FC3F76001A01B6 /* Frameworks */,
				9D3CD6F521FC3F76001A01B6 /* Resources */,
			);
			buildRules = (
			);
			dependencies = (
				9D3CD6F921FC3F76001A01B6 /* PBXTargetDependency */,
			);
			name = "Big Bad WolfUITests";
			productName = "Big Bad WolfUITests";
			productReference = 9D3CD6F721FC3F76001A01B6 /* Big Bad WolfUITests.xctest */;
			productType = "com.apple.product-type.bundle.ui-testing";
		};
/* End PBXNativeTarget section */

/* Begin PBXProject section */
		9D3CD6CA21FC3F76001A01B6 /* Project object */ = {
			isa = PBXProject;
			attributes = {
				LastSwiftUpdateCheck = 0900;
				LastUpgradeCheck = 0900;
				ORGANIZATIONNAME = "Chris Fishback";
				TargetAttributes = {
					9D3CD6D121FC3F76001A01B6 = {
						CreatedOnToolsVersion = 9.0.1;
						ProvisioningStyle = Automatic;
					};
					9D3CD6EB21FC3F76001A01B6 = {
						CreatedOnToolsVersion = 9.0.1;
						ProvisioningStyle = Automatic;
						TestTargetID = 9D3CD6D121FC3F76001A01B6;
					};
					9D3CD6F621FC3F76001A01B6 = {
						CreatedOnToolsVersion = 9.0.1;
						ProvisioningStyle = Automatic;
						TestTargetID = 9D3CD6D121FC3F76001A01B6;
					};
				};
			};
			buildConfigurationList = 9D3CD6CD21FC3F76001A01B6 /* Build configuration list for PBXProject "Big Bad Wolf" */;
			compatibilityVersion = "Xcode 8.0";
			developmentRegion = en;
			hasScannedForEncodings = 0;
			knownRegions = (
				en,
				Base,
			);
			mainGroup = 9D3CD6C921FC3F76001A01B6;
			productRefGroup = 9D3CD6D321FC3F76001A01B6 /* Products */;
			projectDirPath = "";
			projectRoot = "";
			targets = (
				9D3CD6D121FC3F76001A01B6 /* Big Bad Wolf */,
				9D3CD6EB21FC3F76001A01B6 /* Big Bad WolfTests */,
				9D3CD6F621FC3F76001A01B6 /* Big Bad WolfUITests */,
			);
		};
/* End PBXProject section */

/* Begin PBXResourcesBuildPhase section */
		9D3CD6D021FC3F76001A01B6 /* Resources */ = {
			isa = PBXResourcesBuildPhase;
			buildActionMask = 2147483647;
			files = (
				9D3CD6E121FC3F76001A01B6 /* Main.storyboard in Resources */,
				9D3CD71721FC3FB0001A01B6 /* animate-run-slide-33.jpg in Resources */,
				9D3CD71B21FC3FB0001A01B6 /* animate-run-slide-34.jpg in Resources */,
				9D3CD6D821FC3F76001A01B6 /* GameScene.sks in Resources */,
				9D3CD6E321FC3F76001A01B6 /* Assets.xcassets in Resources */,
				9D3CD6E621FC3F76001A01B6 /* LaunchScreen.storyboard in Resources */,
				9D3CD6DA21FC3F76001A01B6 /* Actions.sks in Resources */,
				9D3CD71621FC3FB0001A01B6 /* animate-run-slide-29.jpg in Resources */,
				9D3CD71E21FC3FB0001A01B6 /* animate-run-slide-37.jpg in Resources */,
				9D3CD71521FC3FB0001A01B6 /* animate-run-slide-26.jpg in Resources */,
				9D3CD71D21FC3FB0001A01B6 /* animate-run-slide-28.jpg in Resources */,
				9D3CD71921FC3FB0001A01B6 /* animate-run-slide-32.jpg in Resources */,
				9D3CD71821FC3FB0001A01B6 /* animate-run-slide-31.jpg in Resources */,
				9D3CD71C21FC3FB0001A01B6 /* animate-run-slide-27.jpg in Resources */,
				9D3CD71A21FC3FB0001A01B6 /* animate-run-slide-35.jpg in Resources */,
			);
			runOnlyForDeploymentPostprocessing = 0;
		};
		9D3CD6EA21FC3F76001A01B6 /* Resources */ = {
			isa = PBXResourcesBuildPhase;
			buildActionMask = 2147483647;
			files = (
			);
			runOnlyForDeploymentPostprocessing = 0;
		};
		9D3CD6F521FC3F76001A01B6 /* Resources */ = {
			isa = PBXResourcesBuildPhase;
			buildActionMask = 2147483647;
			files = (
			);
			runOnlyForDeploymentPostprocessing = 0;
		};
/* End PBXResourcesBuildPhase section */

/* Begin PBXSourcesBuildPhase section */
		9D3CD6CE21FC3F76001A01B6 /* Sources */ = {
			isa = PBXSourcesBuildPhase;
			buildActionMask = 2147483647;
			files = (
				9D3CD6DC21FC3F76001A01B6 /* GameScene.swift in Sources */,
				9D3CD6DE21FC3F76001A01B6 /* GameViewController.swift in Sources */,
				9D3CD6D621FC3F76001A01B6 /* AppDelegate.swift in Sources */,
			);
			runOnlyForDeploymentPostprocessing = 0;
		};
		9D3CD6E821FC3F76001A01B6 /* Sources */ = {
			isa = PBXSourcesBuildPhase;
			buildActionMask = 2147483647;
			files = (
				9D3CD6F121FC3F76001A01B6 /* Big_Bad_WolfTests.swift in Sources */,
			);
			runOnlyForDeploymentPostprocessing = 0;
		};
		9D3CD6F321FC3F76001A01B6 /* Sources */ = {
			isa = PBXSourcesBuildPhase;
			buildActionMask = 2147483647;
			files = (
				9D3CD6FC21FC3F76001A01B6 /* Big_Bad_WolfUITests.swift in Sources */,
			);
			runOnlyForDeploymentPostprocessing = 0;
		};
/* End PBXSourcesBuildPhase section */

/* Begin PBXTargetDependency section */
		9D3CD6EE21FC3F76001A01B6 /* PBXTargetDependency */ = {
			isa = PBXTargetDependency;
			target = 9D3CD6D121FC3F76001A01B6 /* Big Bad Wolf */;
			targetProxy = 9D3CD6ED21FC3F76001A01B6 /* PBXContainerItemProxy */;
		};
		9D3CD6F921FC3F76001A01B6 /* PBXTargetDependency */ = {
			isa = PBXTargetDependency;
			target = 9D3CD6D121FC3F76001A01B6 /* Big Bad Wolf */;
			targetProxy = 9D3CD6F821FC3F76001A01B6 /* PBXContainerItemProxy */;
		};
/* End PBXTargetDependency section */

/* Begin PBXVariantGroup section */
		9D3CD6DF21FC3F76001A01B6 /* Main.storyboard */ = {
			isa = PBXVariantGroup;
			children = (
				9D3CD6E021FC3F76001A01B6 /* Base */,
			);
			name = Main.storyboard;
			sourceTree = "<group>";
		};
		9D3CD6E421FC3F76001A01B6 /* LaunchScreen.storyboard */ = {
			isa = PBXVariantGroup;
			children = (
				9D3CD6E521FC3F76001A01B6 /* Base */,
			);
			name = LaunchScreen.storyboard;
			sourceTree = "<group>";
		};
/* End PBXVariantGroup section */

/* Begin XCBuildConfiguration section */
		9D3CD6FE21FC3F76001A01B6 /* Debug */ = {
			isa = XCBuildConfiguration;
			buildSettings = {
				ALWAYS_SEARCH_USER_PATHS = NO;
				CLANG_ANALYZER_NONNULL = YES;
				CLANG_ANALYZER_NUMBER_OBJECT_CONVERSION = YES_AGGRESSIVE;
				CLANG_CXX_LANGUAGE_STANDARD = "gnu++14";
				CLANG_CXX_LIBRARY = "libc++";
				CLANG_ENABLE_MODULES = YES;
				CLANG_ENABLE_OBJC_ARC = YES;
				CLANG_WARN_BLOCK_CAPTURE_AUTORELEASING = YES;
				CLANG_WARN_BOOL_CONVERSION = YES;
				CLANG_WARN_COMMA = YES;
				CLANG_WARN_CONSTANT_CONVERSION = YES;
				CLANG_WARN_DIRECT_OBJC_ISA_USAGE = YES_ERROR;
				CLANG_WARN_DOCUMENTATION_COMMENTS = YES;
				CLANG_WARN_EMPTY_BODY = YES;
				CLANG_WARN_ENUM_CONVERSION = YES;
				CLANG_WARN_INFINITE_RECURSION = YES;
				CLANG_WARN_INT_CONVERSION = YES;
				CLANG_WARN_NON_LITERAL_NULL_CONVERSION = YES;
				CLANG_WARN_OBJC_LITERAL_CONVERSION = YES;
				CLANG_WARN_OBJC_ROOT_CLASS = YES_ERROR;
				CLANG_WARN_RANGE_LOOP_ANALYSIS = YES;
				CLANG_WARN_STRICT_PROTOTYPES = YES;
				CLANG_WARN_SUSPICIOUS_MOVE = YES;
				CLANG_WARN_UNGUARDED_AVAILABILITY = YES_AGGRESSIVE;
				CLANG_WARN_UNREACHABLE_CODE = YES;
				CLANG_WARN__DUPLICATE_METHOD_MATCH = YES;
				CODE_SIGN_IDENTITY = "iPhone Developer";
				COPY_PHASE_STRIP = NO;
				DEBUG_INFORMATION_FORMAT = dwarf;
				ENABLE_STRICT_OBJC_MSGSEND = YES;
				ENABLE_TESTABILITY = YES;
				GCC_C_LANGUAGE_STANDARD = gnu11;
				GCC_DYNAMIC_NO_PIC = NO;
				GCC_NO_COMMON_BLOCKS = YES;
				GCC_OPTIMIZATION_LEVEL = 0;
				GCC_PREPROCESSOR_DEFINITIONS = (
					"DEBUG=1",
					"$(inherited)",
				);
				GCC_WARN_64_TO_32_BIT_CONVERSION = YES;
				GCC_WARN_ABOUT_RETURN_TYPE = YES_ERROR;
				GCC_WARN_UNDECLARED_SELECTOR = YES;
				GCC_WARN_UNINITIALIZED_AUTOS = YES_AGGRESSIVE;
				GCC_WARN_UNUSED_FUNCTION = YES;
				GCC_WARN_UNUSED_VARIABLE = YES;
				IPHONEOS_DEPLOYMENT_TARGET = 11.0;
				MTL_ENABLE_DEBUG_INFO = YES;
				ONLY_ACTIVE_ARCH = YES;
				SDKROOT = iphoneos;
				SWIFT_ACTIVE_COMPILATION_CONDITIONS = DEBUG;
				SWIFT_OPTIMIZATION_LEVEL = "-Onone";
			};
			name = Debug;
		};
		9D3CD6FF21FC3F76001A01B6 /* Release */ = {
			isa = XCBuildConfiguration;
			buildSettings = {
				ALWAYS_SEARCH_USER_PATHS = NO;
				CLANG_ANALYZER_NONNULL = YES;
				CLANG_ANALYZER_NUMBER_OBJECT_CONVERSION = YES_AGGRESSIVE;
				CLANG_CXX_LANGUAGE_STANDARD = "gnu++14";
				CLANG_CXX_LIBRARY = "libc++";
				CLANG_ENABLE_MODULES = YES;
				CLANG_ENABLE_OBJC_ARC = YES;
				CLANG_WARN_BLOCK_CAPTURE_AUTORELEASING = YES;
				CLANG_WARN_BOOL_CONVERSION = YES;
				CLANG_WARN_COMMA = YES;
				CLANG_WARN_CONSTANT_CONVERSION = YES;
				CLANG_WARN_DIRECT_OBJC_ISA_USAGE = YES_ERROR;
				CLANG_WARN_DOCUMENTATION_COMMENTS = YES;
				CLANG_WARN_EMPTY_BODY = YES;
				CLANG_WARN_ENUM_CONVERSION = YES;
				CLANG_WARN_INFINITE_RECURSION = YES;
				CLANG_WARN_INT_CONVERSION = YES;
				CLANG_WARN_NON_LITERAL_NULL_CONVERSION = YES;
				CLANG_WARN_OBJC_LITERAL_CONVERSION = YES;
				CLANG_WARN_OBJC_ROOT_CLASS = YES_ERROR;
				CLANG_WARN_RANGE_LOOP_ANALYSIS = YES;
				CLANG_WARN_STRICT_PROTOTYPES = YES;
				CLANG_WARN_SUSPICIOUS_MOVE = YES;
				CLANG_WARN_UNGUARDED_AVAILABILITY = YES_AGGRESSIVE;
				CLANG_WARN_UNREACHABLE_CODE = YES;
				CLANG_WARN__DUPLICATE_METHOD_MATCH = YES;
				CODE_SIGN_IDENTITY = "iPhone Developer";
				COPY_PHASE_STRIP = NO;
				DEBUG_INFORMATION_FORMAT = "dwarf-with-dsym";
				ENABLE_NS_ASSERTIONS = NO;
				ENABLE_STRICT_OBJC_MSGSEND = YES;
				GCC_C_LANGUAGE_STANDARD = gnu11;
				GCC_NO_COMMON_BLOCKS = YES;
				GCC_WARN_64_TO_32_BIT_CONVERSION = YES;
				GCC_WARN_ABOUT_RETURN_TYPE = YES_ERROR;
				GCC_WARN_UNDECLARED_SELECTOR = YES;
				GCC_WARN_UNINITIALIZED_AUTOS = YES_AGGRESSIVE;
				GCC_WARN_UNUSED_FUNCTION = YES;
				GCC_WARN_UNUSED_VARIABLE = YES;
				IPHONEOS_DEPLOYMENT_TARGET = 11.0;
				MTL_ENABLE_DEBUG_INFO = NO;
				SDKROOT = iphoneos;
				SWIFT_OPTIMIZATION_LEVEL = "-Owholemodule";
				VALIDATE_PRODUCT = YES;
			};
			name = Release;
		};
		9D3CD70121FC3F76001A01B6 /* Debug */ = {
			isa = XCBuildConfiguration;
			buildSettings = {
				ASSETCATALOG_COMPILER_APPICON_NAME = AppIcon;
				CODE_SIGN_STYLE = Automatic;
				INFOPLIST_FILE = "Big Bad Wolf/Info.plist";
				LD_RUNPATH_SEARCH_PATHS = "$(inherited) @executable_path/Frameworks";
				PRODUCT_BUNDLE_IDENTIFIER = "com.UniversityOfPortland.Big-Bad-Wolf";
				PRODUCT_NAME = "$(TARGET_NAME)";
				SWIFT_VERSION = 4.0;
				TARGETED_DEVICE_FAMILY = "1,2";
			};
			name = Debug;
		};
		9D3CD70221FC3F76001A01B6 /* Release */ = {
			isa = XCBuildConfiguration;
			buildSettings = {
				ASSETCATALOG_COMPILER_APPICON_NAME = AppIcon;
				CODE_SIGN_STYLE = Automatic;
				INFOPLIST_FILE = "Big Bad Wolf/Info.plist";
				LD_RUNPATH_SEARCH_PATHS = "$(inherited) @executable_path/Frameworks";
				PRODUCT_BUNDLE_IDENTIFIER = "com.UniversityOfPortland.Big-Bad-Wolf";
				PRODUCT_NAME = "$(TARGET_NAME)";
				SWIFT_VERSION = 4.0;
				TARGETED_DEVICE_FAMILY = "1,2";
			};
			name = Release;
		};
		9D3CD70421FC3F76001A01B6 /* Debug */ = {
			isa = XCBuildConfiguration;
			buildSettings = {
				ALWAYS_EMBED_SWIFT_STANDARD_LIBRARIES = YES;
				BUNDLE_LOADER = "$(TEST_HOST)";
				CODE_SIGN_STYLE = Automatic;
				INFOPLIST_FILE = "Big Bad WolfTests/Info.plist";
				LD_RUNPATH_SEARCH_PATHS = "$(inherited) @executable_path/Frameworks @loader_path/Frameworks";
				PRODUCT_BUNDLE_IDENTIFIER = "com.UniversityOfPortland.Big-Bad-WolfTests";
				PRODUCT_NAME = "$(TARGET_NAME)";
				SWIFT_VERSION = 4.0;
				TARGETED_DEVICE_FAMILY = "1,2";
				TEST_HOST = "$(BUILT_PRODUCTS_DIR)/Big Bad Wolf.app/Big Bad Wolf";
			};
			name = Debug;
		};
		9D3CD70521FC3F76001A01B6 /* Release */ = {
			isa = XCBuildConfiguration;
			buildSettings = {
				ALWAYS_EMBED_SWIFT_STANDARD_LIBRARIES = YES;
				BUNDLE_LOADER = "$(TEST_HOST)";
				CODE_SIGN_STYLE = Automatic;
				INFOPLIST_FILE = "Big Bad WolfTests/Info.plist";
				LD_RUNPATH_SEARCH_PATHS = "$(inherited) @executable_path/Frameworks @loader_path/Frameworks";
				PRODUCT_BUNDLE_IDENTIFIER = "com.UniversityOfPortland.Big-Bad-WolfTests";
				PRODUCT_NAME = "$(TARGET_NAME)";
				SWIFT_VERSION = 4.0;
				TARGETED_DEVICE_FAMILY = "1,2";
				TEST_HOST = "$(BUILT_PRODUCTS_DIR)/Big Bad Wolf.app/Big Bad Wolf";
			};
			name = Release;
		};
		9D3CD70721FC3F76001A01B6 /* Debug */ = {
			isa = XCBuildConfiguration;
			buildSettings = {
				ALWAYS_EMBED_SWIFT_STANDARD_LIBRARIES = YES;
				CODE_SIGN_STYLE = Automatic;
				INFOPLIST_FILE = "Big Bad WolfUITests/Info.plist";
				LD_RUNPATH_SEARCH_PATHS = "$(inherited) @executable_path/Frameworks @loader_path/Frameworks";
				PRODUCT_BUNDLE_IDENTIFIER = "com.UniversityOfPortland.Big-Bad-WolfUITests";
				PRODUCT_NAME = "$(TARGET_NAME)";
				SWIFT_VERSION = 4.0;
				TARGETED_DEVICE_FAMILY = "1,2";
				TEST_TARGET_NAME = "Big Bad Wolf";
			};
			name = Debug;
		};
		9D3CD70821FC3F76001A01B6 /* Release */ = {
			isa = XCBuildConfiguration;
			buildSettings = {
				ALWAYS_EMBED_SWIFT_STANDARD_LIBRARIES = YES;
				CODE_SIGN_STYLE = Automatic;
				INFOPLIST_FILE = "Big Bad WolfUITests/Info.plist";
				LD_RUNPATH_SEARCH_PATHS = "$(inherited) @executable_path/Frameworks @loader_path/Frameworks";
				PRODUCT_BUNDLE_IDENTIFIER = "com.UniversityOfPortland.Big-Bad-WolfUITests";
				PRODUCT_NAME = "$(TARGET_NAME)";
				SWIFT_VERSION = 4.0;
				TARGETED_DEVICE_FAMILY = "1,2";
				TEST_TARGET_NAME = "Big Bad Wolf";
			};
			name = Release;
		};
/* End XCBuildConfiguration section */

/* Begin XCConfigurationList section */
		9D3CD6CD21FC3F76001A01B6 /* Build configuration list for PBXProject "Big Bad Wolf" */ = {
			isa = XCConfigurationList;
			buildConfigurations = (
				9D3CD6FE21FC3F76001A01B6 /* Debug */,
				9D3CD6FF21FC3F76001A01B6 /* Release */,
			);
			defaultConfigurationIsVisible = 0;
			defaultConfigurationName = Release;
		};
		9D3CD70021FC3F76001A01B6 /* Build configuration list for PBXNativeTarget "Big Bad Wolf" */ = {
			isa = XCConfigurationList;
			buildConfigurations = (
				9D3CD70121FC3F76001A01B6 /* Debug */,
				9D3CD70221FC3F76001A01B6 /* Release */,
			);
			defaultConfigurationIsVisible = 0;
			defaultConfigurationName = Release;
		};
		9D3CD70321FC3F76001A01B6 /* Build configuration list for PBXNativeTarget "Big Bad WolfTests" */ = {
			isa = XCConfigurationList;
			buildConfigurations = (
				9D3CD70421FC3F76001A01B6 /* Debug */,
				9D3CD70521FC3F76001A01B6 /* Release */,
			);
			defaultConfigurationIsVisible = 0;
			defaultConfigurationName = Release;
		};
		9D3CD70621FC3F76001A01B6 /* Build configuration list for PBXNativeTarget "Big Bad WolfUITests" */ = {
			isa = XCConfigurationList;
			buildConfigurations = (
				9D3CD70721FC3F76001A01B6 /* Debug */,
				9D3CD70821FC3F76001A01B6 /* Release */,
			);
			defaultConfigurationIsVisible = 0;
			defaultConfigurationName = Release;
		};
/* End XCConfigurationList section */
	};
	rootObject = 9D3CD6CA21FC3F76001A01B6 /* Project object */;
}
